
Microsoft Visual Studio Solution File, Format Version 12.00
# Visual Studio Version 17
VisualStudioVersion = 17.4.33213.308
MinimumVisualStudioVersion = 10.0.40219.1
Project("{9A19103F-16F7-4668-BE54-9A1E7A4F7556}") = "FormulaEvaluator", "FormulaEvaluator\FormulaEvaluator.csproj", "{33A932F8-42A6-4107-A278-0AE5DB05204A}"
EndProject
Project("{9A19103F-16F7-4668-BE54-9A1E7A4F7556}") = "FormulaEvaluatorTester", "FormulaEvaluatorTester\FormulaEvaluatorTester.csproj", "{8FFAE40C-8BD1-43C8-A59C-1A2BCC650DBE}"
EndProject
Project("{2150E333-8FDC-42A3-9474-1A3956D46DE8}") = "Solution Items", "Solution Items", "{9AF4CBF9-E5FA-43E1-866E-52274F1CDB39}"
	ProjectSection(SolutionItems) = preProject
		Whiteboard\architecture.jpg = Whiteboard\architecture.jpg
		Whiteboard\dependency_graph_whiteboard.jpg = Whiteboard\dependency_graph_whiteboard.jpg
		Whiteboard\formula_whiteboard.jpg = Whiteboard\formula_whiteboard.jpg
		README.md = README.md
		Whiteboard\spreadsheet_whiteboard.jpg = Whiteboard\spreadsheet_whiteboard.jpg
	EndProjectSection
EndProject
Project("{9A19103F-16F7-4668-BE54-9A1E7A4F7556}") = "DependencyGraph", "DependencyGraph\DependencyGraph.csproj", "{19AECA15-3DCC-4A43-ADAA-84D9E0215C31}"
EndProject
Project("{9A19103F-16F7-4668-BE54-9A1E7A4F7556}") = "DependencyGraphTests", "DependencyGraphTests\DependencyGraphTests.csproj", "{4D680348-9340-41B5-92E2-0BEA173C502D}"
EndProject
Project("{9A19103F-16F7-4668-BE54-9A1E7A4F7556}") = "Formula", "Formula\Formula.csproj", "{CD7A2432-BC6B-45A2-8CEC-D67B19E49C19}"
EndProject
Project("{9A19103F-16F7-4668-BE54-9A1E7A4F7556}") = "FormulaTests", "FormulaTests\FormulaTests.csproj", "{1088A1EC-7667-459C-9B36-E82FB42AB9B9}"
EndProject
Project("{9A19103F-16F7-4668-BE54-9A1E7A4F7556}") = "Spreadsheet", "Spreadsheet\Spreadsheet.csproj", "{4389D221-0A9D-49CF-BDFE-3CCBE4E8389F}"
EndProject
Project("{9A19103F-16F7-4668-BE54-9A1E7A4F7556}") = "SpreadsheetTests", "SpreadsheetTests\SpreadsheetTests.csproj", "{F5EBB3A2-F96A-477B-A3B7-22FFFB928E8F}"
EndProject
Project("{FAE04EC0-301F-11D3-BF4B-00C04F79EFBC}") = "GUI", "GUI\GUI.csproj", "{4A8BA40F-0464-48CE-8AFC-C187A164BE63}"
EndProject
Global
	GlobalSection(SolutionConfigurationPlatforms) = preSolution
		Debug|Any CPU = Debug|Any CPU
		Release|Any CPU = Release|Any CPU
	EndGlobalSection
	GlobalSection(ProjectConfigurationPlatforms) = postSolution
		{33A932F8-42A6-4107-A278-0AE5DB05204A}.Debug|Any CPU.ActiveCfg = Debug|Any CPU
		{33A932F8-42A6-4107-A278-0AE5DB05204A}.Debug|Any CPU.Build.0 = Debug|Any CPU
		{33A932F8-42A6-4107-A278-0AE5DB05204A}.Release|Any CPU.ActiveCfg = Release|Any CPU
		{33A932F8-42A6-4107-A278-0AE5DB05204A}.Release|Any CPU.Build.0 = Release|Any CPU
		{8FFAE40C-8BD1-43C8-A59C-1A2BCC650DBE}.Debug|Any CPU.ActiveCfg = Debug|Any CPU
		{8FFAE40C-8BD1-43C8-A59C-1A2BCC650DBE}.Debug|Any CPU.Build.0 = Debug|Any CPU
		{8FFAE40C-8BD1-43C8-A59C-1A2BCC650DBE}.Release|Any CPU.ActiveCfg = Release|Any CPU
		{8FFAE40C-8BD1-43C8-A59C-1A2BCC650DBE}.Release|Any CPU.Build.0 = Release|Any CPU
		{19AECA15-3DCC-4A43-ADAA-84D9E0215C31}.Debug|Any CPU.ActiveCfg = Debug|Any CPU
		{19AECA15-3DCC-4A43-ADAA-84D9E0215C31}.Debug|Any CPU.Build.0 = Debug|Any CPU
		{19AECA15-3DCC-4A43-ADAA-84D9E0215C31}.Release|Any CPU.ActiveCfg = Release|Any CPU
		{19AECA15-3DCC-4A43-ADAA-84D9E0215C31}.Release|Any CPU.Build.0 = Release|Any CPU
		{4D680348-9340-41B5-92E2-0BEA173C502D}.Debug|Any CPU.ActiveCfg = Debug|Any CPU
		{4D680348-9340-41B5-92E2-0BEA173C502D}.Debug|Any CPU.Build.0 = Debug|Any CPU
		{4D680348-9340-41B5-92E2-0BEA173C502D}.Release|Any CPU.ActiveCfg = Release|Any CPU
		{4D680348-9340-41B5-92E2-0BEA173C502D}.Release|Any CPU.Build.0 = Release|Any CPU
		{CD7A2432-BC6B-45A2-8CEC-D67B19E49C19}.Debug|Any CPU.ActiveCfg = Debug|Any CPU
		{CD7A2432-BC6B-45A2-8CEC-D67B19E49C19}.Debug|Any CPU.Build.0 = Debug|Any CPU
		{CD7A2432-BC6B-45A2-8CEC-D67B19E49C19}.Release|Any CPU.ActiveCfg = Release|Any CPU
		{CD7A2432-BC6B-45A2-8CEC-D67B19E49C19}.Release|Any CPU.Build.0 = Release|Any CPU
		{1088A1EC-7667-459C-9B36-E82FB42AB9B9}.Debug|Any CPU.ActiveCfg = Debug|Any CPU
		{1088A1EC-7667-459C-9B36-E82FB42AB9B9}.Debug|Any CPU.Build.0 = Debug|Any CPU
		{1088A1EC-7667-459C-9B36-E82FB42AB9B9}.Release|Any CPU.ActiveCfg = Release|Any CPU
		{1088A1EC-7667-459C-9B36-E82FB42AB9B9}.Release|Any CPU.Build.0 = Release|Any CPU
		{4389D221-0A9D-49CF-BDFE-3CCBE4E8389F}.Debug|Any CPU.ActiveCfg = Debug|Any CPU
		{4389D221-0A9D-49CF-BDFE-3CCBE4E8389F}.Debug|Any CPU.Build.0 = Debug|Any CPU
		{4389D221-0A9D-49CF-BDFE-3CCBE4E8389F}.Release|Any CPU.ActiveCfg = Release|Any CPU
		{4389D221-0A9D-49CF-BDFE-3CCBE4E8389F}.Release|Any CPU.Build.0 = Release|Any CPU
		{F5EBB3A2-F96A-477B-A3B7-22FFFB928E8F}.Debug|Any CPU.ActiveCfg = Debug|Any CPU
		{F5EBB3A2-F96A-477B-A3B7-22FFFB928E8F}.Debug|Any CPU.Build.0 = Debug|Any CPU
		{F5EBB3A2-F96A-477B-A3B7-22FFFB928E8F}.Release|Any CPU.ActiveCfg = Release|Any CPU
		{F5EBB3A2-F96A-477B-A3B7-22FFFB928E8F}.Release|Any CPU.Build.0 = Release|Any CPU
		{4A8BA40F-0464-48CE-8AFC-C187A164BE63}.Debug|Any CPU.ActiveCfg = Debug|Any CPU
		{4A8BA40F-0464-48CE-8AFC-C187A164BE63}.Debug|Any CPU.Build.0 = Debug|Any CPU
		{4A8BA40F-0464-48CE-8AFC-C187A164BE63}.Debug|Any CPU.Deploy.0 = Debug|Any CPU
		{4A8BA40F-0464-48CE-8AFC-C187A164BE63}.Release|Any CPU.ActiveCfg = Release|Any CPU
		{4A8BA40F-0464-48CE-8AFC-C187A164BE63}.Release|Any CPU.Build.0 = Release|Any CPU
		{4A8BA40F-0464-48CE-8AFC-C187A164BE63}.Release|Any CPU.Deploy.0 = Release|Any CPU
	EndGlobalSection
	GlobalSection(SolutionProperties) = preSolution
		HideSolutionNode = FALSE
	EndGlobalSection
	GlobalSection(ExtensibilityGlobals) = postSolution
		SolutionGuid = {7167E00F-4F23-4E53-A490-F038BD646F8B}
	EndGlobalSection
EndGlobal
